// !$*UTF8*$!
{
	archiveVersion = 1;
	classes = {
	};
	objectVersion = 55;
	objects = {

/* Begin PBXBuildFile section */
		65F301B82838A04F0095C0D2 /* NewlyWordApp.swift in Sources */ = {isa = PBXBuildFile; fileRef = 65F301B72838A04F0095C0D2 /* NewlyWordApp.swift */; };
		65F301BA2838A04F0095C0D2 /* ContentView.swift in Sources */ = {isa = PBXBuildFile; fileRef = 65F301B92838A04F0095C0D2 /* ContentView.swift */; };
		65F301BC2838A0500095C0D2 /* Assets.xcassets in Resources */ = {isa = PBXBuildFile; fileRef = 65F301BB2838A0500095C0D2 /* Assets.xcassets */; };
		65F301BF2838A0500095C0D2 /* Preview Assets.xcassets in Resources */ = {isa = PBXBuildFile; fileRef = 65F301BE2838A0500095C0D2 /* Preview Assets.xcassets */; };
		65F301C62838A1360095C0D2 /* NewlyCoinedWords.csv in Resources */ = {isa = PBXBuildFile; fileRef = 65F301C52838A1360095C0D2 /* NewlyCoinedWords.csv */; };
		65F301CA2838A1D10095C0D2 /* NewlyWord.swift in Sources */ = {isa = PBXBuildFile; fileRef = 65F301C92838A1D10095C0D2 /* NewlyWord.swift */; };
		65F301CE2838ABCE0095C0D2 /* NewlyWordManager.swift in Sources */ = {isa = PBXBuildFile; fileRef = 65F301CD2838ABCE0095C0D2 /* NewlyWordManager.swift */; };
/* End PBXBuildFile section */

/* Begin PBXFileReference section */
		65F301B42838A04F0095C0D2 /* NewlyWord.app */ = {isa = PBXFileReference; explicitFileType = wrapper.application; includeInIndex = 0; path = NewlyWord.app; sourceTree = BUILT_PRODUCTS_DIR; };
		65F301B72838A04F0095C0D2 /* NewlyWordApp.swift */ = {isa = PBXFileReference; lastKnownFileType = sourcecode.swift; path = NewlyWordApp.swift; sourceTree = "<group>"; };
		65F301B92838A04F0095C0D2 /* ContentView.swift */ = {isa = PBXFileReference; lastKnownFileType = sourcecode.swift; path = ContentView.swift; sourceTree = "<group>"; };
		65F301BB2838A0500095C0D2 /* Assets.xcassets */ = {isa = PBXFileReference; lastKnownFileType = folder.assetcatalog; path = Assets.xcassets; sourceTree = "<group>"; };
		65F301BE2838A0500095C0D2 /* Preview Assets.xcassets */ = {isa = PBXFileReference; lastKnownFileType = folder.assetcatalog; path = "Preview Assets.xcassets"; sourceTree = "<group>"; };
		65F301C52838A1360095C0D2 /* NewlyCoinedWords.csv */ = {isa = PBXFileReference; fileEncoding = 4; lastKnownFileType = text; path = NewlyCoinedWords.csv; sourceTree = "<group>"; };
		65F301C92838A1D10095C0D2 /* NewlyWord.swift */ = {isa = PBXFileReference; lastKnownFileType = sourcecode.swift; path = NewlyWord.swift; sourceTree = "<group>"; };
		65F301CD2838ABCE0095C0D2 /* NewlyWordManager.swift */ = {isa = PBXFileReference; lastKnownFileType = sourcecode.swift; path = NewlyWordManager.swift; sourceTree = "<group>"; };
/* End PBXFileReference section */

/* Begin PBXFrameworksBuildPhase section */
		65F301B12838A04F0095C0D2 /* Frameworks */ = {
			isa = PBXFrameworksBuildPhase;
			buildActionMask = 2147483647;
			files = (
			);
			runOnlyForDeploymentPostprocessing = 0;
		};
/* End PBXFrameworksBuildPhase section */

/* Begin PBXGroup section */
		65F301AB2838A04F0095C0D2 = {
			isa = PBXGroup;
			children = (
				65F301B62838A04F0095C0D2 /* NewlyWord */,
				65F301B52838A04F0095C0D2 /* Products */,
			);
			sourceTree = "<group>";
		};
		65F301B52838A04F0095C0D2 /* Products */ = {
			isa = PBXGroup;
			children = (
				65F301B42838A04F0095C0D2 /* NewlyWord.app */,
			);
			name = Products;
			sourceTree = "<group>";
		};
		65F301B62838A04F0095C0D2 /* NewlyWord */ = {
			isa = PBXGroup;
			children = (
				65F301B72838A04F0095C0D2 /* NewlyWordApp.swift */,
				65F301CD2838ABCE0095C0D2 /* NewlyWordManager.swift */,
				65F301C72838A1450095C0D2 /* Model */,
				65F301B92838A04F0095C0D2 /* ContentView.swift */,
				65F301BB2838A0500095C0D2 /* Assets.xcassets */,
				65F301BD2838A0500095C0D2 /* Preview Content */,
			);
			path = NewlyWord;
			sourceTree = "<group>";
		};
		65F301BD2838A0500095C0D2 /* Preview Content */ = {
			isa = PBXGroup;
			children = (
				65F301BE2838A0500095C0D2 /* Preview Assets.xcassets */,
			);
			path = "Preview Content";
			sourceTree = "<group>";
		};
		65F301C72838A1450095C0D2 /* Model */ = {
			isa = PBXGroup;
			children = (
				65F301C52838A1360095C0D2 /* NewlyCoinedWords.csv */,
				65F301C92838A1D10095C0D2 /* NewlyWord.swift */,
			);
			path = Model;
			sourceTree = "<group>";
		};
/* End PBXGroup section */

/* Begin PBXNativeTarget section */
		65F301B32838A04F0095C0D2 /* NewlyWord */ = {
			isa = PBXNativeTarget;
			buildConfigurationList = 65F301C22838A0500095C0D2 /* Build configuration list for PBXNativeTarget "NewlyWord" */;
			buildPhases = (
				65F301B02838A04F0095C0D2 /* Sources */,
				65F301B12838A04F0095C0D2 /* Frameworks */,
				65F301B22838A04F0095C0D2 /* Resources */,
			);
			buildRules = (
			);
			dependencies = (
			);
			name = NewlyWord;
			productName = NewlyWord;
			productReference = 65F301B42838A04F0095C0D2 /* NewlyWord.app */;
			productType = "com.apple.product-type.application";
		};
/* End PBXNativeTarget section */

/* Begin PBXProject section */
		65F301AC2838A04F0095C0D2 /* Project object */ = {
			isa = PBXProject;
			attributes = {
				BuildIndependentTargetsInParallel = 1;
				LastSwiftUpdateCheck = 1330;
				LastUpgradeCheck = 1330;
				TargetAttributes = {
					65F301B32838A04F0095C0D2 = {
						CreatedOnToolsVersion = 13.3.1;
					};
				};
			};
			buildConfigurationList = 65F301AF2838A04F0095C0D2 /* Build configuration list for PBXProject "NewlyWord" */;
			compatibilityVersion = "Xcode 13.0";
			developmentRegion = en;
			hasScannedForEncodings = 0;
			knownRegions = (
				en,
				Base,
			);
			mainGroup = 65F301AB2838A04F0095C0D2;
			productRefGroup = 65F301B52838A04F0095C0D2 /* Products */;
			projectDirPath = "";
			projectRoot = "";
			targets = (
				65F301B32838A04F0095C0D2 /* NewlyWord */,
			);
		};
/* End PBXProject section */

/* Begin PBXResourcesBuildPhase section */
		65F301B22838A04F0095C0D2 /* Resources */ = {
			isa = PBXResourcesBuildPhase;
			buildActionMask = 2147483647;
			files = (
				65F301C62838A1360095C0D2 /* NewlyCoinedWords.csv in Resources */,
				65F301BF2838A0500095C0D2 /* Preview Assets.xcassets in Resources */,
				65F301BC2838A0500095C0D2 /* Assets.xcassets in Resources */,
			);
			runOnlyForDeploymentPostprocessing = 0;
		};
/* End PBXResourcesBuildPhase section */

/* Begin PBXSourcesBuildPhase section */
		65F301B02838A04F0095C0D2 /* Sources */ = {
			isa = PBXSourcesBuildPhase;
			buildActionMask = 2147483647;
			files = (
				65F301BA2838A04F0095C0D2 /* ContentView.swift in Sources */,
				65F301B82838A04F0095C0D2 /* NewlyWordApp.swift in Sources */,
				65F301CA2838A1D10095C0D2 /* NewlyWord.swift in Sources */,
				65F301CE2838ABCE0095C0D2 /* NewlyWordManager.swift in Sources */,
			);
			runOnlyForDeploymentPostprocessing = 0;
		};
/* End PBXSourcesBuildPhase section */

/* Begin XCBuildConfiguration section */
		65F301C02838A0500095C0D2 /* Debug */ = {
			isa = XCBuildConfiguration;
			buildSettings = {
				ALWAYS_SEARCH_USER_PATHS = NO;
				CLANG_ANALYZER_NONNULL = YES;
				CLANG_ANALYZER_NUMBER_OBJECT_CONVERSION = YES_AGGRESSIVE;
				CLANG_CXX_LANGUAGE_STANDARD = "gnu++17";
				CLANG_ENABLE_MODULES = YES;
				CLANG_ENABLE_OBJC_ARC = YES;
				CLANG_ENABLE_OBJC_WEAK = YES;
				CLANG_WARN_BLOCK_CAPTURE_AUTORELEASING = YES;
				CLANG_WARN_BOOL_CONVERSION = YES;
				CLANG_WARN_COMMA = YES;
				CLANG_WARN_CONSTANT_CONVERSION = YES;
				CLANG_WARN_DEPRECATED_OBJC_IMPLEMENTATIONS = YES;
				CLANG_WARN_DIRECT_OBJC_ISA_USAGE = YES_ERROR;
				CLANG_WARN_DOCUMENTATION_COMMENTS = YES;
				CLANG_WARN_EMPTY_BODY = YES;
				CLANG_WARN_ENUM_CONVERSION = YES;
				CLANG_WARN_INFINITE_RECURSION = YES;
				CLANG_WARN_INT_CONVERSION = YES;
				CLANG_WARN_NON_LITERAL_NULL_CONVERSION = YES;
				CLANG_WARN_OBJC_IMPLICIT_RETAIN_SELF = YES;
				CLANG_WARN_OBJC_LITERAL_CONVERSION = YES;
				CLANG_WARN_OBJC_ROOT_CLASS = YES_ERROR;
				CLANG_WARN_QUOTED_INCLUDE_IN_FRAMEWORK_HEADER = YES;
				CLANG_WARN_RANGE_LOOP_ANALYSIS = YES;
				CLANG_WARN_STRICT_PROTOTYPES = YES;
				CLANG_WARN_SUSPICIOUS_MOVE = YES;
				CLANG_WARN_UNGUARDED_AVAILABILITY = YES_AGGRESSIVE;
				CLANG_WARN_UNREACHABLE_CODE = YES;
				CLANG_WARN__DUPLICATE_METHOD_MATCH = YES;
				COPY_PHASE_STRIP = NO;
				DEBUG_INFORMATION_FORMAT = dwarf;
				ENABLE_STRICT_OBJC_MSGSEND = YES;
				ENABLE_TESTABILITY = YES;
				GCC_C_LANGUAGE_STANDARD = gnu11;
				GCC_DYNAMIC_NO_PIC = NO;
				GCC_NO_COMMON_BLOCKS = YES;
				GCC_OPTIMIZATION_LEVEL = 0;
				GCC_PREPROCESSOR_DEFINITIONS = (
					"DEBUG=1",
					"$(inherited)",
				);
				GCC_WARN_64_TO_32_BIT_CONVERSION = YES;
				GCC_WARN_ABOUT_RETURN_TYPE = YES_ERROR;
				GCC_WARN_UNDECLARED_SELECTOR = YES;
				GCC_WARN_UNINITIALIZED_AUTOS = YES_AGGRESSIVE;
				GCC_WARN_UNUSED_FUNCTION = YES;
				GCC_WARN_UNUSED_VARIABLE = YES;
				IPHONEOS_DEPLOYMENT_TARGET = 15.4;
				MTL_ENABLE_DEBUG_INFO = INCLUDE_SOURCE;
				MTL_FAST_MATH = YES;
				ONLY_ACTIVE_ARCH = YES;
				SDKROOT = iphoneos;
				SWIFT_ACTIVE_COMPILATION_CONDITIONS = DEBUG;
				SWIFT_OPTIMIZATION_LEVEL = "-Onone";
			};
			name = Debug;
		};
		65F301C12838A0500095C0D2 /* Release */ = {
			isa = XCBuildConfiguration;
			buildSettings = {
				ALWAYS_SEARCH_USER_PATHS = NO;
				CLANG_ANALYZER_NONNULL = YES;
				CLANG_ANALYZER_NUMBER_OBJECT_CONVERSION = YES_AGGRESSIVE;
				CLANG_CXX_LANGUAGE_STANDARD = "gnu++17";
				CLANG_ENABLE_MODULES = YES;
				CLANG_ENABLE_OBJC_ARC = YES;
				CLANG_ENABLE_OBJC_WEAK = YES;
				CLANG_WARN_BLOCK_CAPTURE_AUTORELEASING = YES;
				CLANG_WARN_BOOL_CONVERSION = YES;
				CLANG_WARN_COMMA = YES;
				CLANG_WARN_CONSTANT_CONVERSION = YES;
				CLANG_WARN_DEPRECATED_OBJC_IMPLEMENTATIONS = YES;
				CLANG_WARN_DIRECT_OBJC_ISA_USAGE = YES_ERROR;
				CLANG_WARN_DOCUMENTATION_COMMENTS = YES;
				CLANG_WARN_EMPTY_BODY = YES;
				CLANG_WARN_ENUM_CONVERSION = YES;
				CLANG_WARN_INFINITE_RECURSION = YES;
				CLANG_WARN_INT_CONVERSION = YES;
				CLANG_WARN_NON_LITERAL_NULL_CONVERSION = YES;
				CLANG_WARN_OBJC_IMPLICIT_RETAIN_SELF = YES;
				CLANG_WARN_OBJC_LITERAL_CONVERSION = YES;
				CLANG_WARN_OBJC_ROOT_CLASS = YES_ERROR;
				CLANG_WARN_QUOTED_INCLUDE_IN_FRAMEWORK_HEADER = YES;
				CLANG_WARN_RANGE_LOOP_ANALYSIS = YES;
				CLANG_WARN_STRICT_PROTOTYPES = YES;
				CLANG_WARN_SUSPICIOUS_MOVE = YES;
				CLANG_WARN_UNGUARDED_AVAILABILITY = YES_AGGRESSIVE;
				CLANG_WARN_UNREACHABLE_CODE = YES;
				CLANG_WARN__DUPLICATE_METHOD_MATCH = YES;
				COPY_PHASE_STRIP = NO;
				DEBUG_INFORMATION_FORMAT = "dwarf-with-dsym";
				ENABLE_NS_ASSERTIONS = NO;
				ENABLE_STRICT_OBJC_MSGSEND = YES;
				GCC_C_LANGUAGE_STANDARD = gnu11;
				GCC_NO_COMMON_BLOCKS = YES;
				GCC_WARN_64_TO_32_BIT_CONVERSION = YES;
				GCC_WARN_ABOUT_RETURN_TYPE = YES_ERROR;
				GCC_WARN_UNDECLARED_SELECTOR = YES;
				GCC_WARN_UNINITIALIZED_AUTOS = YES_AGGRESSIVE;
				GCC_WARN_UNUSED_FUNCTION = YES;
				GCC_WARN_UNUSED_VARIABLE = YES;
				IPHONEOS_DEPLOYMENT_TARGET = 15.4;
				MTL_ENABLE_DEBUG_INFO = NO;
				MTL_FAST_MATH = YES;
				SDKROOT = iphoneos;
				SWIFT_COMPILATION_MODE = wholemodule;
				SWIFT_OPTIMIZATION_LEVEL = "-O";
				VALIDATE_PRODUCT = YES;
			};
			name = Release;
		};
		65F301C32838A0500095C0D2 /* Debug */ = {
			isa = XCBuildConfiguration;
			buildSettings = {
				ASSETCATALOG_COMPILER_APPICON_NAME = AppIcon;
				ASSETCATALOG_COMPILER_GLOBAL_ACCENT_COLOR_NAME = AccentColor;
				CODE_SIGN_STYLE = Automatic;
				CURRENT_PROJECT_VERSION = 1;
				DEVELOPMENT_ASSET_PATHS = "\"NewlyWord/Preview Content\"";
				DEVELOPMENT_TEAM = W4HDX5XCG8;
				ENABLE_PREVIEWS = YES;
				GENERATE_INFOPLIST_FILE = YES;
				INFOPLIST_KEY_UIApplicationSceneManifest_Generation = YES;
				INFOPLIST_KEY_UIApplicationSupportsIndirectInputEvents = YES;
				INFOPLIST_KEY_UILaunchScreen_Generation = YES;
				INFOPLIST_KEY_UISupportedInterfaceOrientations_iPad = "UIInterfaceOrientationPortrait UIInterfaceOrientationPortraitUpsideDown UIInterfaceOrientationLandscapeLeft UIInterfaceOrientationLandscapeRight";
				INFOPLIST_KEY_UISupportedInterfaceOrientations_iPhone = "UIInterfaceOrientationPortrait UIInterfaceOrientationLandscapeLeft UIInterfaceOrientationLandscapeRight";
				LD_RUNPATH_SEARCH_PATHS = (
					"$(inherited)",
					"@executable_path/Frameworks",
				);
				MARKETING_VERSION = 1.0;
				PRODUCT_BUNDLE_IDENTIFIER = com.sangwon.NewlyWord;
				PRODUCT_NAME = "$(TARGET_NAME)";
				SWIFT_EMIT_LOC_STRINGS = YES;
				SWIFT_VERSION = 5.0;
				TARGETED_DEVICE_FAMILY = "1,2";
			};
			name = Debug;
		};
		65F301C42838A0500095C0D2 /* Release */ = {
			isa = XCBuildConfiguration;
			buildSettings = {
				ASSETCATALOG_COMPILER_APPICON_NAME = AppIcon;
				ASSETCATALOG_COMPILER_GLOBAL_ACCENT_COLOR_NAME = AccentColor;
				CODE_SIGN_STYLE = Automatic;
				CURRENT_PROJECT_VERSION = 1;
				DEVELOPMENT_ASSET_PATHS = "\"NewlyWord/Preview Content\"";
				DEVELOPMENT_TEAM = W4HDX5XCG8;
				ENABLE_PREVIEWS = YES;
				GENERATE_INFOPLIST_FILE = YES;
				INFOPLIST_KEY_UIApplicationSceneManifest_Generation = YES;
				INFOPLIST_KEY_UIApplicationSupportsIndirectInputEvents = YES;
				INFOPLIST_KEY_UILaunchScreen_Generation = YES;
				INFOPLIST_KEY_UISupportedInterfaceOrientations_iPad = "UIInterfaceOrientationPortrait UIInterfaceOrientationPortraitUpsideDown UIInterfaceOrientationLandscapeLeft UIInterfaceOrientationLandscapeRight";
				INFOPLIST_KEY_UISupportedInterfaceOrientations_iPhone = "UIInterfaceOrientationPortrait UIInterfaceOrientationLandscapeLeft UIInterfaceOrientationLandscapeRight";
				LD_RUNPATH_SEARCH_PATHS = (
					"$(inherited)",
					"@executable_path/Frameworks",
				);
				MARKETING_VERSION = 1.0;
				PRODUCT_BUNDLE_IDENTIFIER = com.sangwon.NewlyWord;
				PRODUCT_NAME = "$(TARGET_NAME)";
				SWIFT_EMIT_LOC_STRINGS = YES;
				SWIFT_VERSION = 5.0;
				TARGETED_DEVICE_FAMILY = "1,2";
			};
			name = Release;
		};
/* End XCBuildConfiguration section */

/* Begin XCConfigurationList section */
		65F301AF2838A04F0095C0D2 /* Build configuration list for PBXProject "NewlyWord" */ = {
			isa = XCConfigurationList;
			buildConfigurations = (
				65F301C02838A0500095C0D2 /* Debug */,
				65F301C12838A0500095C0D2 /* Release */,
			);
			defaultConfigurationIsVisible = 0;
			defaultConfigurationName = Release;
		};
		65F301C22838A0500095C0D2 /* Build configuration list for PBXNativeTarget "NewlyWord" */ = {
			isa = XCConfigurationList;
			buildConfigurations = (
				65F301C32838A0500095C0D2 /* Debug */,
				65F301C42838A0500095C0D2 /* Release */,
			);
			defaultConfigurationIsVisible = 0;
			defaultConfigurationName = Release;
		};
/* End XCConfigurationList section */
	};
	rootObject = 65F301AC2838A04F0095C0D2 /* Project object */;
}
